
Microsoft Visual Studio Solution File, Format Version 12.00
# Visual Studio 2012
Project("{FAE04EC0-301F-11D3-BF4B-00C04F79EFBC}") = "PlaceTest", "PlaceTest\PlaceTest.csproj", "{C1A0ACD4-F3CE-4D8E-852C-4ADA4B4FD897}"
EndProject
Project("{FAE04EC0-301F-11D3-BF4B-00C04F79EFBC}") = "PlaceTest.iOS", "iOS\PlaceTest.iOS.csproj", "{5BE6DE7C-4A70-42E1-B426-8FAFFF556FE2}"
EndProject
Project("{FAE04EC0-301F-11D3-BF4B-00C04F79EFBC}") = "PlaceTest.Droid", "Droid\PlaceTest.Droid.csproj", "{77A0F2F1-2401-46CC-B95D-AE6334E706A2}"
EndProject
Project("{FAE04EC0-301F-11D3-BF4B-00C04F79EFBC}") = "PlaceTest.UITests", "UITests\PlaceTest.UITests.csproj", "{84D1D379-6739-4DD1-A07E-81B1E66D1D8B}"
EndProject
Global
	GlobalSection(SolutionConfigurationPlatforms) = preSolution
		Debug|Any CPU = Debug|Any CPU
		Release|Any CPU = Release|Any CPU
		Debug|iPhoneSimulator = Debug|iPhoneSimulator
		Release|iPhone = Release|iPhone
		Release|iPhoneSimulator = Release|iPhoneSimulator
		Debug|iPhone = Debug|iPhone
	EndGlobalSection
	GlobalSection(ProjectConfigurationPlatforms) = postSolution
		{5BE6DE7C-4A70-42E1-B426-8FAFFF556FE2}.Debug|Any CPU.ActiveCfg = Debug|iPhoneSimulator
		{5BE6DE7C-4A70-42E1-B426-8FAFFF556FE2}.Debug|Any CPU.Build.0 = Debug|iPhoneSimulator
		{5BE6DE7C-4A70-42E1-B426-8FAFFF556FE2}.Debug|iPhone.ActiveCfg = Debug|iPhone
		{5BE6DE7C-4A70-42E1-B426-8FAFFF556FE2}.Debug|iPhone.Build.0 = Debug|iPhone
		{5BE6DE7C-4A70-42E1-B426-8FAFFF556FE2}.Debug|iPhoneSimulator.ActiveCfg = Debug|iPhoneSimulator
		{5BE6DE7C-4A70-42E1-B426-8FAFFF556FE2}.Debug|iPhoneSimulator.Build.0 = Debug|iPhoneSimulator
		{5BE6DE7C-4A70-42E1-B426-8FAFFF556FE2}.Release|Any CPU.ActiveCfg = Release|iPhone
		{5BE6DE7C-4A70-42E1-B426-8FAFFF556FE2}.Release|Any CPU.Build.0 = Release|iPhone
		{5BE6DE7C-4A70-42E1-B426-8FAFFF556FE2}.Release|iPhone.ActiveCfg = Release|iPhone
		{5BE6DE7C-4A70-42E1-B426-8FAFFF556FE2}.Release|iPhone.Build.0 = Release|iPhone
		{5BE6DE7C-4A70-42E1-B426-8FAFFF556FE2}.Release|iPhoneSimulator.ActiveCfg = Release|iPhoneSimulator
		{5BE6DE7C-4A70-42E1-B426-8FAFFF556FE2}.Release|iPhoneSimulator.Build.0 = Release|iPhoneSimulator
		{77A0F2F1-2401-46CC-B95D-AE6334E706A2}.Debug|Any CPU.ActiveCfg = Debug|Any CPU
		{77A0F2F1-2401-46CC-B95D-AE6334E706A2}.Debug|Any CPU.Build.0 = Debug|Any CPU
		{77A0F2F1-2401-46CC-B95D-AE6334E706A2}.Debug|iPhone.ActiveCfg = Debug|Any CPU
		{77A0F2F1-2401-46CC-B95D-AE6334E706A2}.Debug|iPhone.Build.0 = Debug|Any CPU
		{77A0F2F1-2401-46CC-B95D-AE6334E706A2}.Debug|iPhoneSimulator.ActiveCfg = Debug|Any CPU
		{77A0F2F1-2401-46CC-B95D-AE6334E706A2}.Debug|iPhoneSimulator.Build.0 = Debug|Any CPU
		{77A0F2F1-2401-46CC-B95D-AE6334E706A2}.Release|Any CPU.ActiveCfg = Release|Any CPU
		{77A0F2F1-2401-46CC-B95D-AE6334E706A2}.Release|Any CPU.Build.0 = Release|Any CPU
		{77A0F2F1-2401-46CC-B95D-AE6334E706A2}.Release|iPhone.ActiveCfg = Release|Any CPU
		{77A0F2F1-2401-46CC-B95D-AE6334E706A2}.Release|iPhone.Build.0 = Release|Any CPU
		{77A0F2F1-2401-46CC-B95D-AE6334E706A2}.Release|iPhoneSimulator.ActiveCfg = Release|Any CPU
		{77A0F2F1-2401-46CC-B95D-AE6334E706A2}.Release|iPhoneSimulator.Build.0 = Release|Any CPU
		{84D1D379-6739-4DD1-A07E-81B1E66D1D8B}.Debug|Any CPU.ActiveCfg = Debug|Any CPU
		{84D1D379-6739-4DD1-A07E-81B1E66D1D8B}.Debug|Any CPU.Build.0 = Debug|Any CPU
		{84D1D379-6739-4DD1-A07E-81B1E66D1D8B}.Debug|iPhone.ActiveCfg = Debug|Any CPU
		{84D1D379-6739-4DD1-A07E-81B1E66D1D8B}.Debug|iPhone.Build.0 = Debug|Any CPU
		{84D1D379-6739-4DD1-A07E-81B1E66D1D8B}.Debug|iPhoneSimulator.ActiveCfg = Debug|Any CPU
		{84D1D379-6739-4DD1-A07E-81B1E66D1D8B}.Debug|iPhoneSimulator.Build.0 = Debug|Any CPU
		{84D1D379-6739-4DD1-A07E-81B1E66D1D8B}.Release|Any CPU.ActiveCfg = Release|Any CPU
		{84D1D379-6739-4DD1-A07E-81B1E66D1D8B}.Release|Any CPU.Build.0 = Release|Any CPU
		{84D1D379-6739-4DD1-A07E-81B1E66D1D8B}.Release|iPhone.ActiveCfg = Release|Any CPU
		{84D1D379-6739-4DD1-A07E-81B1E66D1D8B}.Release|iPhone.Build.0 = Release|Any CPU
		{84D1D379-6739-4DD1-A07E-81B1E66D1D8B}.Release|iPhoneSimulator.ActiveCfg = Release|Any CPU
		{84D1D379-6739-4DD1-A07E-81B1E66D1D8B}.Release|iPhoneSimulator.Build.0 = Release|Any CPU
		{C1A0ACD4-F3CE-4D8E-852C-4ADA4B4FD897}.Debug|Any CPU.ActiveCfg = Debug|Any CPU
		{C1A0ACD4-F3CE-4D8E-852C-4ADA4B4FD897}.Debug|Any CPU.Build.0 = Debug|Any CPU
		{C1A0ACD4-F3CE-4D8E-852C-4ADA4B4FD897}.Debug|iPhone.ActiveCfg = Debug|Any CPU
		{C1A0ACD4-F3CE-4D8E-852C-4ADA4B4FD897}.Debug|iPhone.Build.0 = Debug|Any CPU
		{C1A0ACD4-F3CE-4D8E-852C-4ADA4B4FD897}.Debug|iPhoneSimulator.ActiveCfg = Debug|Any CPU
		{C1A0ACD4-F3CE-4D8E-852C-4ADA4B4FD897}.Debug|iPhoneSimulator.Build.0 = Debug|Any CPU
		{C1A0ACD4-F3CE-4D8E-852C-4ADA4B4FD897}.Release|Any CPU.ActiveCfg = Release|Any CPU
		{C1A0ACD4-F3CE-4D8E-852C-4ADA4B4FD897}.Release|Any CPU.Build.0 = Release|Any CPU
		{C1A0ACD4-F3CE-4D8E-852C-4ADA4B4FD897}.Release|iPhone.ActiveCfg = Release|Any CPU
		{C1A0ACD4-F3CE-4D8E-852C-4ADA4B4FD897}.Release|iPhone.Build.0 = Release|Any CPU
		{C1A0ACD4-F3CE-4D8E-852C-4ADA4B4FD897}.Release|iPhoneSimulator.ActiveCfg = Release|Any CPU
		{C1A0ACD4-F3CE-4D8E-852C-4ADA4B4FD897}.Release|iPhoneSimulator.Build.0 = Release|Any CPU
	EndGlobalSection
EndGlobal
